// !$*UTF8*$!
{
	archiveVersion = 1;
	classes = {
	};
	objectVersion = 56;
	objects = {

/* Begin PBXBuildFile section */
		A39C2E922A56066C000E77A7 /* __1App.swift in Sources */ = {isa = PBXBuildFile; fileRef = A39C2E912A56066C000E77A7 /* __1App.swift */; };
		A39C2E942A56066C000E77A7 /* ContentView.swift in Sources */ = {isa = PBXBuildFile; fileRef = A39C2E932A56066C000E77A7 /* ContentView.swift */; };
		A39C2E962A56066E000E77A7 /* Assets.xcassets in Resources */ = {isa = PBXBuildFile; fileRef = A39C2E952A56066E000E77A7 /* Assets.xcassets */; };
		A39C2E992A56066E000E77A7 /* Preview Assets.xcassets in Resources */ = {isa = PBXBuildFile; fileRef = A39C2E982A56066E000E77A7 /* Preview Assets.xcassets */; };
		A39C2EA32A56066E000E77A7 /* __1Tests.swift in Sources */ = {isa = PBXBuildFile; fileRef = A39C2EA22A56066E000E77A7 /* __1Tests.swift */; };
		A39C2EAD2A56066E000E77A7 /* __1UITests.swift in Sources */ = {isa = PBXBuildFile; fileRef = A39C2EAC2A56066E000E77A7 /* __1UITests.swift */; };
		A39C2EAF2A56066E000E77A7 /* __1UITestsLaunchTests.swift in Sources */ = {isa = PBXBuildFile; fileRef = A39C2EAE2A56066E000E77A7 /* __1UITestsLaunchTests.swift */; };
/* End PBXBuildFile section */

/* Begin PBXContainerItemProxy section */
		A39C2E9F2A56066E000E77A7 /* PBXContainerItemProxy */ = {
			isa = PBXContainerItemProxy;
			containerPortal = A39C2E862A56066C000E77A7 /* Project object */;
			proxyType = 1;
			remoteGlobalIDString = A39C2E8D2A56066C000E77A7;
			remoteInfo = 6.1;
		};
		A39C2EA92A56066E000E77A7 /* PBXContainerItemProxy */ = {
			isa = PBXContainerItemProxy;
			containerPortal = A39C2E862A56066C000E77A7 /* Project object */;
			proxyType = 1;
			remoteGlobalIDString = A39C2E8D2A56066C000E77A7;
			remoteInfo = 6.1;
		};
/* End PBXContainerItemProxy section */

/* Begin PBXFileReference section */
		A39C2E8E2A56066C000E77A7 /* 6.1.app */ = {isa = PBXFileReference; explicitFileType = wrapper.application; includeInIndex = 0; path = 6.1.app; sourceTree = BUILT_PRODUCTS_DIR; };
		A39C2E912A56066C000E77A7 /* __1App.swift */ = {isa = PBXFileReference; lastKnownFileType = sourcecode.swift; path = __1App.swift; sourceTree = "<group>"; };
		A39C2E932A56066C000E77A7 /* ContentView.swift */ = {isa = PBXFileReference; lastKnownFileType = sourcecode.swift; path = ContentView.swift; sourceTree = "<group>"; };
		A39C2E952A56066E000E77A7 /* Assets.xcassets */ = {isa = PBXFileReference; lastKnownFileType = folder.assetcatalog; path = Assets.xcassets; sourceTree = "<group>"; };
		A39C2E982A56066E000E77A7 /* Preview Assets.xcassets */ = {isa = PBXFileReference; lastKnownFileType = folder.assetcatalog; path = "Preview Assets.xcassets"; sourceTree = "<group>"; };
		A39C2E9E2A56066E000E77A7 /* 6.1Tests.xctest */ = {isa = PBXFileReference; explicitFileType = wrapper.cfbundle; includeInIndex = 0; path = 6.1Tests.xctest; sourceTree = BUILT_PRODUCTS_DIR; };
		A39C2EA22A56066E000E77A7 /* __1Tests.swift */ = {isa = PBXFileReference; lastKnownFileType = sourcecode.swift; path = __1Tests.swift; sourceTree = "<group>"; };
		A39C2EA82A56066E000E77A7 /* 6.1UITests.xctest */ = {isa = PBXFileReference; explicitFileType = wrapper.cfbundle; includeInIndex = 0; path = 6.1UITests.xctest; sourceTree = BUILT_PRODUCTS_DIR; };
		A39C2EAC2A56066E000E77A7 /* __1UITests.swift */ = {isa = PBXFileReference; lastKnownFileType = sourcecode.swift; path = __1UITests.swift; sourceTree = "<group>"; };
		A39C2EAE2A56066E000E77A7 /* __1UITestsLaunchTests.swift */ = {isa = PBXFileReference; lastKnownFileType = sourcecode.swift; path = __1UITestsLaunchTests.swift; sourceTree = "<group>"; };
/* End PBXFileReference section */

/* Begin PBXFrameworksBuildPhase section */
		A39C2E8B2A56066C000E77A7 /* Frameworks */ = {
			isa = PBXFrameworksBuildPhase;
			buildActionMask = 2147483647;
			files = (
			);
			runOnlyForDeploymentPostprocessing = 0;
		};
		A39C2E9B2A56066E000E77A7 /* Frameworks */ = {
			isa = PBXFrameworksBuildPhase;
			buildActionMask = 2147483647;
			files = (
			);
			runOnlyForDeploymentPostprocessing = 0;
		};
		A39C2EA52A56066E000E77A7 /* Frameworks */ = {
			isa = PBXFrameworksBuildPhase;
			buildActionMask = 2147483647;
			files = (
			);
			runOnlyForDeploymentPostprocessing = 0;
		};
/* End PBXFrameworksBuildPhase section */

/* Begin PBXGroup section */
		A39C2E852A56066C000E77A7 = {
			isa = PBXGroup;
			children = (
				A39C2E902A56066C000E77A7 /* 6.1 */,
				A39C2EA12A56066E000E77A7 /* 6.1Tests */,
				A39C2EAB2A56066E000E77A7 /* 6.1UITests */,
				A39C2E8F2A56066C000E77A7 /* Products */,
			);
			sourceTree = "<group>";
		};
		A39C2E8F2A56066C000E77A7 /* Products */ = {
			isa = PBXGroup;
			children = (
				A39C2E8E2A56066C000E77A7 /* 6.1.app */,
				A39C2E9E2A56066E000E77A7 /* 6.1Tests.xctest */,
				A39C2EA82A56066E000E77A7 /* 6.1UITests.xctest */,
			);
			name = Products;
			sourceTree = "<group>";
		};
		A39C2E902A56066C000E77A7 /* 6.1 */ = {
			isa = PBXGroup;
			children = (
				A39C2E912A56066C000E77A7 /* __1App.swift */,
				A39C2E932A56066C000E77A7 /* ContentView.swift */,
				A39C2E952A56066E000E77A7 /* Assets.xcassets */,
				A39C2E972A56066E000E77A7 /* Preview Content */,
			);
			path = 6.1;
			sourceTree = "<group>";
		};
		A39C2E972A56066E000E77A7 /* Preview Content */ = {
			isa = PBXGroup;
			children = (
				A39C2E982A56066E000E77A7 /* Preview Assets.xcassets */,
			);
			path = "Preview Content";
			sourceTree = "<group>";
		};
		A39C2EA12A56066E000E77A7 /* 6.1Tests */ = {
			isa = PBXGroup;
			children = (
				A39C2EA22A56066E000E77A7 /* __1Tests.swift */,
			);
			path = 6.1Tests;
			sourceTree = "<group>";
		};
		A39C2EAB2A56066E000E77A7 /* 6.1UITests */ = {
			isa = PBXGroup;
			children = (
				A39C2EAC2A56066E000E77A7 /* __1UITests.swift */,
				A39C2EAE2A56066E000E77A7 /* __1UITestsLaunchTests.swift */,
			);
			path = 6.1UITests;
			sourceTree = "<group>";
		};
/* End PBXGroup section */

/* Begin PBXNativeTarget section */
		A39C2E8D2A56066C000E77A7 /* 6.1 */ = {
			isa = PBXNativeTarget;
			buildConfigurationList = A39C2EB22A56066E000E77A7 /* Build configuration list for PBXNativeTarget "6.1" */;
			buildPhases = (
				A39C2E8A2A56066C000E77A7 /* Sources */,
				A39C2E8B2A56066C000E77A7 /* Frameworks */,
				A39C2E8C2A56066C000E77A7 /* Resources */,
			);
			buildRules = (
			);
			dependencies = (
			);
			name = 6.1;
			productName = 6.1;
			productReference = A39C2E8E2A56066C000E77A7 /* 6.1.app */;
			productType = "com.apple.product-type.application";
		};
		A39C2E9D2A56066E000E77A7 /* 6.1Tests */ = {
			isa = PBXNativeTarget;
			buildConfigurationList = A39C2EB52A56066E000E77A7 /* Build configuration list for PBXNativeTarget "6.1Tests" */;
			buildPhases = (
				A39C2E9A2A56066E000E77A7 /* Sources */,
				A39C2E9B2A56066E000E77A7 /* Frameworks */,
				A39C2E9C2A56066E000E77A7 /* Resources */,
			);
			buildRules = (
			);
			dependencies = (
				A39C2EA02A56066E000E77A7 /* PBXTargetDependency */,
			);
			name = 6.1Tests;
			productName = 6.1Tests;
			productReference = A39C2E9E2A56066E000E77A7 /* 6.1Tests.xctest */;
			productType = "com.apple.product-type.bundle.unit-test";
		};
		A39C2EA72A56066E000E77A7 /* 6.1UITests */ = {
			isa = PBXNativeTarget;
			buildConfigurationList = A39C2EB82A56066E000E77A7 /* Build configuration list for PBXNativeTarget "6.1UITests" */;
			buildPhases = (
				A39C2EA42A56066E000E77A7 /* Sources */,
				A39C2EA52A56066E000E77A7 /* Frameworks */,
				A39C2EA62A56066E000E77A7 /* Resources */,
			);
			buildRules = (
			);
			dependencies = (
				A39C2EAA2A56066E000E77A7 /* PBXTargetDependency */,
			);
			name = 6.1UITests;
			productName = 6.1UITests;
			productReference = A39C2EA82A56066E000E77A7 /* 6.1UITests.xctest */;
			productType = "com.apple.product-type.bundle.ui-testing";
		};
/* End PBXNativeTarget section */

/* Begin PBXProject section */
		A39C2E862A56066C000E77A7 /* Project object */ = {
			isa = PBXProject;
			attributes = {
				BuildIndependentTargetsInParallel = 1;
				LastSwiftUpdateCheck = 1430;
				LastUpgradeCheck = 1430;
				TargetAttributes = {
					A39C2E8D2A56066C000E77A7 = {
						CreatedOnToolsVersion = 14.3.1;
					};
					A39C2E9D2A56066E000E77A7 = {
						CreatedOnToolsVersion = 14.3.1;
						TestTargetID = A39C2E8D2A56066C000E77A7;
					};
					A39C2EA72A56066E000E77A7 = {
						CreatedOnToolsVersion = 14.3.1;
						TestTargetID = A39C2E8D2A56066C000E77A7;
					};
				};
			};
			buildConfigurationList = A39C2E892A56066C000E77A7 /* Build configuration list for PBXProject "6.1" */;
			compatibilityVersion = "Xcode 14.0";
			developmentRegion = en;
			hasScannedForEncodings = 0;
			knownRegions = (
				en,
				Base,
			);
			mainGroup = A39C2E852A56066C000E77A7;
			productRefGroup = A39C2E8F2A56066C000E77A7 /* Products */;
			projectDirPath = "";
			projectRoot = "";
			targets = (
				A39C2E8D2A56066C000E77A7 /* 6.1 */,
				A39C2E9D2A56066E000E77A7 /* 6.1Tests */,
				A39C2EA72A56066E000E77A7 /* 6.1UITests */,
			);
		};
/* End PBXProject section */

/* Begin PBXResourcesBuildPhase section */
		A39C2E8C2A56066C000E77A7 /* Resources */ = {
			isa = PBXResourcesBuildPhase;
			buildActionMask = 2147483647;
			files = (
				A39C2E992A56066E000E77A7 /* Preview Assets.xcassets in Resources */,
				A39C2E962A56066E000E77A7 /* Assets.xcassets in Resources */,
			);
			runOnlyForDeploymentPostprocessing = 0;
		};
		A39C2E9C2A56066E000E77A7 /* Resources */ = {
			isa = PBXResourcesBuildPhase;
			buildActionMask = 2147483647;
			files = (
			);
			runOnlyForDeploymentPostprocessing = 0;
		};
		A39C2EA62A56066E000E77A7 /* Resources */ = {
			isa = PBXResourcesBuildPhase;
			buildActionMask = 2147483647;
			files = (
			);
			runOnlyForDeploymentPostprocessing = 0;
		};
/* End PBXResourcesBuildPhase section */

/* Begin PBXSourcesBuildPhase section */
		A39C2E8A2A56066C000E77A7 /* Sources */ = {
			isa = PBXSourcesBuildPhase;
			buildActionMask = 2147483647;
			files = (
				A39C2E942A56066C000E77A7 /* ContentView.swift in Sources */,
				A39C2E922A56066C000E77A7 /* __1App.swift in Sources */,
			);
			runOnlyForDeploymentPostprocessing = 0;
		};
		A39C2E9A2A56066E000E77A7 /* Sources */ = {
			isa = PBXSourcesBuildPhase;
			buildActionMask = 2147483647;
			files = (
				A39C2EA32A56066E000E77A7 /* __1Tests.swift in Sources */,
			);
			runOnlyForDeploymentPostprocessing = 0;
		};
		A39C2EA42A56066E000E77A7 /* Sources */ = {
			isa = PBXSourcesBuildPhase;
			buildActionMask = 2147483647;
			files = (
				A39C2EAF2A56066E000E77A7 /* __1UITestsLaunchTests.swift in Sources */,
				A39C2EAD2A56066E000E77A7 /* __1UITests.swift in Sources */,
			);
			runOnlyForDeploymentPostprocessing = 0;
		};
/* End PBXSourcesBuildPhase section */

/* Begin PBXTargetDependency section */
		A39C2EA02A56066E000E77A7 /* PBXTargetDependency */ = {
			isa = PBXTargetDependency;
			target = A39C2E8D2A56066C000E77A7 /* 6.1 */;
			targetProxy = A39C2E9F2A56066E000E77A7 /* PBXContainerItemProxy */;
		};
		A39C2EAA2A56066E000E77A7 /* PBXTargetDependency */ = {
			isa = PBXTargetDependency;
			target = A39C2E8D2A56066C000E77A7 /* 6.1 */;
			targetProxy = A39C2EA92A56066E000E77A7 /* PBXContainerItemProxy */;
		};
/* End PBXTargetDependency section */

/* Begin XCBuildConfiguration section */
		A39C2EB02A56066E000E77A7 /* Debug */ = {
			isa = XCBuildConfiguration;
			buildSettings = {
				ALWAYS_SEARCH_USER_PATHS = NO;
				CLANG_ANALYZER_NONNULL = YES;
				CLANG_ANALYZER_NUMBER_OBJECT_CONVERSION = YES_AGGRESSIVE;
				CLANG_CXX_LANGUAGE_STANDARD = "gnu++20";
				CLANG_ENABLE_MODULES = YES;
				CLANG_ENABLE_OBJC_ARC = YES;
				CLANG_ENABLE_OBJC_WEAK = YES;
				CLANG_WARN_BLOCK_CAPTURE_AUTORELEASING = YES;
				CLANG_WARN_BOOL_CONVERSION = YES;
				CLANG_WARN_COMMA = YES;
				CLANG_WARN_CONSTANT_CONVERSION = YES;
				CLANG_WARN_DEPRECATED_OBJC_IMPLEMENTATIONS = YES;
				CLANG_WARN_DIRECT_OBJC_ISA_USAGE = YES_ERROR;
				CLANG_WARN_DOCUMENTATION_COMMENTS = YES;
				CLANG_WARN_EMPTY_BODY = YES;
				CLANG_WARN_ENUM_CONVERSION = YES;
				CLANG_WARN_INFINITE_RECURSION = YES;
				CLANG_WARN_INT_CONVERSION = YES;
				CLANG_WARN_NON_LITERAL_NULL_CONVERSION = YES;
				CLANG_WARN_OBJC_IMPLICIT_RETAIN_SELF = YES;
				CLANG_WARN_OBJC_LITERAL_CONVERSION = YES;
				CLANG_WARN_OBJC_ROOT_CLASS = YES_ERROR;
				CLANG_WARN_QUOTED_INCLUDE_IN_FRAMEWORK_HEADER = YES;
				CLANG_WARN_RANGE_LOOP_ANALYSIS = YES;
				CLANG_WARN_STRICT_PROTOTYPES = YES;
				CLANG_WARN_SUSPICIOUS_MOVE = YES;
				CLANG_WARN_UNGUARDED_AVAILABILITY = YES_AGGRESSIVE;
				CLANG_WARN_UNREACHABLE_CODE = YES;
				CLANG_WARN__DUPLICATE_METHOD_MATCH = YES;
				COPY_PHASE_STRIP = NO;
				DEBUG_INFORMATION_FORMAT = dwarf;
				ENABLE_STRICT_OBJC_MSGSEND = YES;
				ENABLE_TESTABILITY = YES;
				GCC_C_LANGUAGE_STANDARD = gnu11;
				GCC_DYNAMIC_NO_PIC = NO;
				GCC_NO_COMMON_BLOCKS = YES;
				GCC_OPTIMIZATION_LEVEL = 0;
				GCC_PREPROCESSOR_DEFINITIONS = (
					"DEBUG=1",
					"$(inherited)",
				);
				GCC_WARN_64_TO_32_BIT_CONVERSION = YES;
				GCC_WARN_ABOUT_RETURN_TYPE = YES_ERROR;
				GCC_WARN_UNDECLARED_SELECTOR = YES;
				GCC_WARN_UNINITIALIZED_AUTOS = YES_AGGRESSIVE;
				GCC_WARN_UNUSED_FUNCTION = YES;
				GCC_WARN_UNUSED_VARIABLE = YES;
				IPHONEOS_DEPLOYMENT_TARGET = 16.4;
				MTL_ENABLE_DEBUG_INFO = INCLUDE_SOURCE;
				MTL_FAST_MATH = YES;
				ONLY_ACTIVE_ARCH = YES;
				SDKROOT = iphoneos;
				SWIFT_ACTIVE_COMPILATION_CONDITIONS = DEBUG;
				SWIFT_OPTIMIZATION_LEVEL = "-Onone";
			};
			name = Debug;
		};
		A39C2EB12A56066E000E77A7 /* Release */ = {
			isa = XCBuildConfiguration;
			buildSettings = {
				ALWAYS_SEARCH_USER_PATHS = NO;
				CLANG_ANALYZER_NONNULL = YES;
				CLANG_ANALYZER_NUMBER_OBJECT_CONVERSION = YES_AGGRESSIVE;
				CLANG_CXX_LANGUAGE_STANDARD = "gnu++20";
				CLANG_ENABLE_MODULES = YES;
				CLANG_ENABLE_OBJC_ARC = YES;
				CLANG_ENABLE_OBJC_WEAK = YES;
				CLANG_WARN_BLOCK_CAPTURE_AUTORELEASING = YES;
				CLANG_WARN_BOOL_CONVERSION = YES;
				CLANG_WARN_COMMA = YES;
				CLANG_WARN_CONSTANT_CONVERSION = YES;
				CLANG_WARN_DEPRECATED_OBJC_IMPLEMENTATIONS = YES;
				CLANG_WARN_DIRECT_OBJC_ISA_USAGE = YES_ERROR;
				CLANG_WARN_DOCUMENTATION_COMMENTS = YES;
				CLANG_WARN_EMPTY_BODY = YES;
				CLANG_WARN_ENUM_CONVERSION = YES;
				CLANG_WARN_INFINITE_RECURSION = YES;
				CLANG_WARN_INT_CONVERSION = YES;
				CLANG_WARN_NON_LITERAL_NULL_CONVERSION = YES;
				CLANG_WARN_OBJC_IMPLICIT_RETAIN_SELF = YES;
				CLANG_WARN_OBJC_LITERAL_CONVERSION = YES;
				CLANG_WARN_OBJC_ROOT_CLASS = YES_ERROR;
				CLANG_WARN_QUOTED_INCLUDE_IN_FRAMEWORK_HEADER = YES;
				CLANG_WARN_RANGE_LOOP_ANALYSIS = YES;
				CLANG_WARN_STRICT_PROTOTYPES = YES;
				CLANG_WARN_SUSPICIOUS_MOVE = YES;
				CLANG_WARN_UNGUARDED_AVAILABILITY = YES_AGGRESSIVE;
				CLANG_WARN_UNREACHABLE_CODE = YES;
				CLANG_WARN__DUPLICATE_METHOD_MATCH = YES;
				COPY_PHASE_STRIP = NO;
				DEBUG_INFORMATION_FORMAT = "dwarf-with-dsym";
				ENABLE_NS_ASSERTIONS = NO;
				ENABLE_STRICT_OBJC_MSGSEND = YES;
				GCC_C_LANGUAGE_STANDARD = gnu11;
				GCC_NO_COMMON_BLOCKS = YES;
				GCC_WARN_64_TO_32_BIT_CONVERSION = YES;
				GCC_WARN_ABOUT_RETURN_TYPE = YES_ERROR;
				GCC_WARN_UNDECLARED_SELECTOR = YES;
				GCC_WARN_UNINITIALIZED_AUTOS = YES_AGGRESSIVE;
				GCC_WARN_UNUSED_FUNCTION = YES;
				GCC_WARN_UNUSED_VARIABLE = YES;
				IPHONEOS_DEPLOYMENT_TARGET = 16.4;
				MTL_ENABLE_DEBUG_INFO = NO;
				MTL_FAST_MATH = YES;
				SDKROOT = iphoneos;
				SWIFT_COMPILATION_MODE = wholemodule;
				SWIFT_OPTIMIZATION_LEVEL = "-O";
				VALIDATE_PRODUCT = YES;
			};
			name = Release;
		};
		A39C2EB32A56066E000E77A7 /* Debug */ = {
			isa = XCBuildConfiguration;
			buildSettings = {
				ASSETCATALOG_COMPILER_APPICON_NAME = AppIcon;
				ASSETCATALOG_COMPILER_GLOBAL_ACCENT_COLOR_NAME = AccentColor;
				CODE_SIGN_STYLE = Automatic;
				CURRENT_PROJECT_VERSION = 1;
				DEVELOPMENT_ASSET_PATHS = "\"6.1/Preview Content\"";
				ENABLE_PREVIEWS = YES;
				GENERATE_INFOPLIST_FILE = YES;
				INFOPLIST_KEY_UIApplicationSceneManifest_Generation = YES;
				INFOPLIST_KEY_UIApplicationSupportsIndirectInputEvents = YES;
				INFOPLIST_KEY_UILaunchScreen_Generation = YES;
				INFOPLIST_KEY_UISupportedInterfaceOrientations_iPad = "UIInterfaceOrientationPortrait UIInterfaceOrientationPortraitUpsideDown UIInterfaceOrientationLandscapeLeft UIInterfaceOrientationLandscapeRight";
				INFOPLIST_KEY_UISupportedInterfaceOrientations_iPhone = "UIInterfaceOrientationPortrait UIInterfaceOrientationLandscapeLeft UIInterfaceOrientationLandscapeRight";
				LD_RUNPATH_SEARCH_PATHS = (
					"$(inherited)",
					"@executable_path/Frameworks",
				);
				MARKETING_VERSION = 1.0;
				PRODUCT_BUNDLE_IDENTIFIER = "com.Riter.--1";
				PRODUCT_NAME = "$(TARGET_NAME)";
				SWIFT_EMIT_LOC_STRINGS = YES;
				SWIFT_VERSION = 5.0;
				TARGETED_DEVICE_FAMILY = "1,2";
			};
			name = Debug;
		};
		A39C2EB42A56066E000E77A7 /* Release */ = {
			isa = XCBuildConfiguration;
			buildSettings = {
				ASSETCATALOG_COMPILER_APPICON_NAME = AppIcon;
				ASSETCATALOG_COMPILER_GLOBAL_ACCENT_COLOR_NAME = AccentColor;
				CODE_SIGN_STYLE = Automatic;
				CURRENT_PROJECT_VERSION = 1;
				DEVELOPMENT_ASSET_PATHS = "\"6.1/Preview Content\"";
				ENABLE_PREVIEWS = YES;
				GENERATE_INFOPLIST_FILE = YES;
				INFOPLIST_KEY_UIApplicationSceneManifest_Generation = YES;
				INFOPLIST_KEY_UIApplicationSupportsIndirectInputEvents = YES;
				INFOPLIST_KEY_UILaunchScreen_Generation = YES;
				INFOPLIST_KEY_UISupportedInterfaceOrientations_iPad = "UIInterfaceOrientationPortrait UIInterfaceOrientationPortraitUpsideDown UIInterfaceOrientationLandscapeLeft UIInterfaceOrientationLandscapeRight";
				INFOPLIST_KEY_UISupportedInterfaceOrientations_iPhone = "UIInterfaceOrientationPortrait UIInterfaceOrientationLandscapeLeft UIInterfaceOrientationLandscapeRight";
				LD_RUNPATH_SEARCH_PATHS = (
					"$(inherited)",
					"@executable_path/Frameworks",
				);
				MARKETING_VERSION = 1.0;
				PRODUCT_BUNDLE_IDENTIFIER = "com.Riter.--1";
				PRODUCT_NAME = "$(TARGET_NAME)";
				SWIFT_EMIT_LOC_STRINGS = YES;
				SWIFT_VERSION = 5.0;
				TARGETED_DEVICE_FAMILY = "1,2";
			};
			name = Release;
		};
		A39C2EB62A56066E000E77A7 /* Debug */ = {
			isa = XCBuildConfiguration;
			buildSettings = {
				ALWAYS_EMBED_SWIFT_STANDARD_LIBRARIES = YES;
				BUNDLE_LOADER = "$(TEST_HOST)";
				CODE_SIGN_STYLE = Automatic;
				CURRENT_PROJECT_VERSION = 1;
				GENERATE_INFOPLIST_FILE = YES;
				IPHONEOS_DEPLOYMENT_TARGET = 16.4;
				MARKETING_VERSION = 1.0;
				PRODUCT_BUNDLE_IDENTIFIER = "com.Riter.--1Tests";
				PRODUCT_NAME = "$(TARGET_NAME)";
				SWIFT_EMIT_LOC_STRINGS = NO;
				SWIFT_VERSION = 5.0;
				TARGETED_DEVICE_FAMILY = "1,2";
				TEST_HOST = "$(BUILT_PRODUCTS_DIR)/6.1.app/$(BUNDLE_EXECUTABLE_FOLDER_PATH)/6.1";
			};
			name = Debug;
		};
		A39C2EB72A56066E000E77A7 /* Release */ = {
			isa = XCBuildConfiguration;
			buildSettings = {
				ALWAYS_EMBED_SWIFT_STANDARD_LIBRARIES = YES;
				BUNDLE_LOADER = "$(TEST_HOST)";
				CODE_SIGN_STYLE = Automatic;
				CURRENT_PROJECT_VERSION = 1;
				GENERATE_INFOPLIST_FILE = YES;
				IPHONEOS_DEPLOYMENT_TARGET = 16.4;
				MARKETING_VERSION = 1.0;
				PRODUCT_BUNDLE_IDENTIFIER = "com.Riter.--1Tests";
				PRODUCT_NAME = "$(TARGET_NAME)";
				SWIFT_EMIT_LOC_STRINGS = NO;
				SWIFT_VERSION = 5.0;
				TARGETED_DEVICE_FAMILY = "1,2";
				TEST_HOST = "$(BUILT_PRODUCTS_DIR)/6.1.app/$(BUNDLE_EXECUTABLE_FOLDER_PATH)/6.1";
			};
			name = Release;
		};
		A39C2EB92A56066E000E77A7 /* Debug */ = {
			isa = XCBuildConfiguration;
			buildSettings = {
				ALWAYS_EMBED_SWIFT_STANDARD_LIBRARIES = YES;
				CODE_SIGN_STYLE = Automatic;
				CURRENT_PROJECT_VERSION = 1;
				GENERATE_INFOPLIST_FILE = YES;
				MARKETING_VERSION = 1.0;
				PRODUCT_BUNDLE_IDENTIFIER = "com.Riter.--1UITests";
				PRODUCT_NAME = "$(TARGET_NAME)";
				SWIFT_EMIT_LOC_STRINGS = NO;
				SWIFT_VERSION = 5.0;
				TARGETED_DEVICE_FAMILY = "1,2";
				TEST_TARGET_NAME = 6.1;
			};
			name = Debug;
		};
		A39C2EBA2A56066E000E77A7 /* Release */ = {
			isa = XCBuildConfiguration;
			buildSettings = {
				ALWAYS_EMBED_SWIFT_STANDARD_LIBRARIES = YES;
				CODE_SIGN_STYLE = Automatic;
				CURRENT_PROJECT_VERSION = 1;
				GENERATE_INFOPLIST_FILE = YES;
				MARKETING_VERSION = 1.0;
				PRODUCT_BUNDLE_IDENTIFIER = "com.Riter.--1UITests";
				PRODUCT_NAME = "$(TARGET_NAME)";
				SWIFT_EMIT_LOC_STRINGS = NO;
				SWIFT_VERSION = 5.0;
				TARGETED_DEVICE_FAMILY = "1,2";
				TEST_TARGET_NAME = 6.1;
			};
			name = Release;
		};
/* End XCBuildConfiguration section */

/* Begin XCConfigurationList section */
		A39C2E892A56066C000E77A7 /* Build configuration list for PBXProject "6.1" */ = {
			isa = XCConfigurationList;
			buildConfigurations = (
				A39C2EB02A56066E000E77A7 /* Debug */,
				A39C2EB12A56066E000E77A7 /* Release */,
			);
			defaultConfigurationIsVisible = 0;
			defaultConfigurationName = Release;
		};
		A39C2EB22A56066E000E77A7 /* Build configuration list for PBXNativeTarget "6.1" */ = {
			isa = XCConfigurationList;
			buildConfigurations = (
				A39C2EB32A56066E000E77A7 /* Debug */,
				A39C2EB42A56066E000E77A7 /* Release */,
			);
			defaultConfigurationIsVisible = 0;
			defaultConfigurationName = Release;
		};
		A39C2EB52A56066E000E77A7 /* Build configuration list for PBXNativeTarget "6.1Tests" */ = {
			isa = XCConfigurationList;
			buildConfigurations = (
				A39C2EB62A56066E000E77A7 /* Debug */,
				A39C2EB72A56066E000E77A7 /* Release */,
			);
			defaultConfigurationIsVisible = 0;
			defaultConfigurationName = Release;
		};
		A39C2EB82A56066E000E77A7 /* Build configuration list for PBXNativeTarget "6.1UITests" */ = {
			isa = XCConfigurationList;
			buildConfigurations = (
				A39C2EB92A56066E000E77A7 /* Debug */,
				A39C2EBA2A56066E000E77A7 /* Release */,
			);
			defaultConfigurationIsVisible = 0;
			defaultConfigurationName = Release;
		};
/* End XCConfigurationList section */
	};
	rootObject = A39C2E862A56066C000E77A7 /* Project object */;
}
